
Microsoft Visual Studio Solution File, Format Version 12.00
# Visual Studio Version 17
VisualStudioVersion = 17.11.35312.102
MinimumVisualStudioVersion = 10.0.40219.1
Project("{FAE04EC0-301F-11D3-BF4B-00C04F79EFBC}") = "HW-10", "HW-10\HW-10.csproj", "{F9C6F746-7A1C-4B60-8334-19079BB3ACC9}"
EndProject
Global
	GlobalSection(SolutionConfigurationPlatforms) = preSolution
		Debug|Any CPU = Debug|Any CPU
		Release|Any CPU = Release|Any CPU
	EndGlobalSection
	GlobalSection(ProjectConfigurationPlatforms) = postSolution
		{F9C6F746-7A1C-4B60-8334-19079BB3ACC9}.Debug|Any CPU.ActiveCfg = Debug|Any CPU
		{F9C6F746-7A1C-4B60-8334-19079BB3ACC9}.Debug|Any CPU.Build.0 = Debug|Any CPU
		{F9C6F746-7A1C-4B60-8334-19079BB3ACC9}.Release|Any CPU.ActiveCfg = Release|Any CPU
		{F9C6F746-7A1C-4B60-8334-19079BB3ACC9}.Release|Any CPU.Build.0 = Release|Any CPU
	EndGlobalSection
	GlobalSection(SolutionProperties) = preSolution
		HideSolutionNode = FALSE
	EndGlobalSection
	GlobalSection(ExtensibilityGlobals) = postSolution
		SolutionGuid = {679A37B5-4569-4C60-8042-916321BC9CE6}
	EndGlobalSection
EndGlobal
